// !$*UTF8*$!
{
	archiveVersion = 1;
	classes = {
	};
	objectVersion = 50;
	objects = {

/* Begin PBXBuildFile section */
		BB2293CD2553CB82006A83B4 /* RestaurantTableViewCell.swift in Sources */ = {isa = PBXBuildFile; fileRef = BB2293CC2553CB82006A83B4 /* RestaurantTableViewCell.swift */; };
		BBD986E325A4B0BE00ADFD9E /* DetailHeaderView.swift in Sources */ = {isa = PBXBuildFile; fileRef = BBD986E225A4B0BE00ADFD9E /* DetailHeaderView.swift */; };
		BBD986E625A4B56400ADFD9E /* DetailViewController.swift in Sources */ = {isa = PBXBuildFile; fileRef = BBD986E525A4B56400ADFD9E /* DetailViewController.swift */; };
		BBD986EE25A5E65900ADFD9E /* DetailPhoneAddrCell.swift in Sources */ = {isa = PBXBuildFile; fileRef = BBD986ED25A5E65900ADFD9E /* DetailPhoneAddrCell.swift */; };
		BBD986F125A5E87F00ADFD9E /* DetailDescriptionCell.swift in Sources */ = {isa = PBXBuildFile; fileRef = BBD986F025A5E87F00ADFD9E /* DetailDescriptionCell.swift */; };
		BBD986F825A5FA7800ADFD9E /* ContextLabel.swift in Sources */ = {isa = PBXBuildFile; fileRef = BBD986F725A5FA7800ADFD9E /* ContextLabel.swift */; };
		BBE89360254A9DD000FC5522 /* AppDelegate.swift in Sources */ = {isa = PBXBuildFile; fileRef = BBE8935F254A9DD000FC5522 /* AppDelegate.swift */; };
		BBE89362254A9DD000FC5522 /* SceneDelegate.swift in Sources */ = {isa = PBXBuildFile; fileRef = BBE89361254A9DD000FC5522 /* SceneDelegate.swift */; };
		BBE89367254A9DD000FC5522 /* Main.storyboard in Resources */ = {isa = PBXBuildFile; fileRef = BBE89365254A9DD000FC5522 /* Main.storyboard */; };
		BBE89369254A9DD100FC5522 /* Assets.xcassets in Resources */ = {isa = PBXBuildFile; fileRef = BBE89368254A9DD100FC5522 /* Assets.xcassets */; };
		BBE8936C254A9DD100FC5522 /* LaunchScreen.storyboard in Resources */ = {isa = PBXBuildFile; fileRef = BBE8936A254A9DD100FC5522 /* LaunchScreen.storyboard */; };
		BBE89376254A9EA100FC5522 /* RestaurantTableViewController.swift in Sources */ = {isa = PBXBuildFile; fileRef = BBE89375254A9EA100FC5522 /* RestaurantTableViewController.swift */; };
/* End PBXBuildFile section */

/* Begin PBXFileReference section */
		BB2293CC2553CB82006A83B4 /* RestaurantTableViewCell.swift */ = {isa = PBXFileReference; lastKnownFileType = sourcecode.swift; path = RestaurantTableViewCell.swift; sourceTree = "<group>"; };
		BBD986E225A4B0BE00ADFD9E /* DetailHeaderView.swift */ = {isa = PBXFileReference; lastKnownFileType = sourcecode.swift; path = DetailHeaderView.swift; sourceTree = "<group>"; };
		BBD986E525A4B56400ADFD9E /* DetailViewController.swift */ = {isa = PBXFileReference; lastKnownFileType = sourcecode.swift; path = DetailViewController.swift; sourceTree = "<group>"; };
		BBD986ED25A5E65900ADFD9E /* DetailPhoneAddrCell.swift */ = {isa = PBXFileReference; lastKnownFileType = sourcecode.swift; path = DetailPhoneAddrCell.swift; sourceTree = "<group>"; };
		BBD986F025A5E87F00ADFD9E /* DetailDescriptionCell.swift */ = {isa = PBXFileReference; lastKnownFileType = sourcecode.swift; path = DetailDescriptionCell.swift; sourceTree = "<group>"; };
		BBD986F725A5FA7800ADFD9E /* ContextLabel.swift */ = {isa = PBXFileReference; lastKnownFileType = sourcecode.swift; path = ContextLabel.swift; sourceTree = "<group>"; };
		BBE8935C254A9DD000FC5522 /* Cafe de Taoyuan.app */ = {isa = PBXFileReference; explicitFileType = wrapper.application; includeInIndex = 0; path = "Cafe de Taoyuan.app"; sourceTree = BUILT_PRODUCTS_DIR; };
		BBE8935F254A9DD000FC5522 /* AppDelegate.swift */ = {isa = PBXFileReference; lastKnownFileType = sourcecode.swift; path = AppDelegate.swift; sourceTree = "<group>"; };
		BBE89361254A9DD000FC5522 /* SceneDelegate.swift */ = {isa = PBXFileReference; lastKnownFileType = sourcecode.swift; path = SceneDelegate.swift; sourceTree = "<group>"; };
		BBE89366254A9DD000FC5522 /* Base */ = {isa = PBXFileReference; lastKnownFileType = file.storyboard; name = Base; path = Base.lproj/Main.storyboard; sourceTree = "<group>"; };
		BBE89368254A9DD100FC5522 /* Assets.xcassets */ = {isa = PBXFileReference; lastKnownFileType = folder.assetcatalog; path = Assets.xcassets; sourceTree = "<group>"; };
		BBE8936B254A9DD100FC5522 /* Base */ = {isa = PBXFileReference; lastKnownFileType = file.storyboard; name = Base; path = Base.lproj/LaunchScreen.storyboard; sourceTree = "<group>"; };
		BBE8936D254A9DD100FC5522 /* Info.plist */ = {isa = PBXFileReference; lastKnownFileType = text.plist.xml; path = Info.plist; sourceTree = "<group>"; };
		BBE89375254A9EA100FC5522 /* RestaurantTableViewController.swift */ = {isa = PBXFileReference; lastKnownFileType = sourcecode.swift; path = RestaurantTableViewController.swift; sourceTree = "<group>"; };
/* End PBXFileReference section */

/* Begin PBXFrameworksBuildPhase section */
		BBE89359254A9DD000FC5522 /* Frameworks */ = {
			isa = PBXFrameworksBuildPhase;
			buildActionMask = 2147483647;
			files = (
			);
			runOnlyForDeploymentPostprocessing = 0;
		};
/* End PBXFrameworksBuildPhase section */

/* Begin PBXGroup section */
		BBE89353254A9DD000FC5522 = {
			isa = PBXGroup;
			children = (
				BBE8935E254A9DD000FC5522 /* cafe_de_taoyuan */,
				BBE8935D254A9DD000FC5522 /* Products */,
			);
			sourceTree = "<group>";
		};
		BBE8935D254A9DD000FC5522 /* Products */ = {
			isa = PBXGroup;
			children = (
				BBE8935C254A9DD000FC5522 /* Cafe de Taoyuan.app */,
			);
			name = Products;
			sourceTree = "<group>";
		};
		BBE8935E254A9DD000FC5522 /* cafe_de_taoyuan */ = {
			isa = PBXGroup;
			children = (
				BB2293CC2553CB82006A83B4 /* RestaurantTableViewCell.swift */,
				BBE8935F254A9DD000FC5522 /* AppDelegate.swift */,
				BBE89361254A9DD000FC5522 /* SceneDelegate.swift */,
				BBE89365254A9DD000FC5522 /* Main.storyboard */,
				BBE89368254A9DD100FC5522 /* Assets.xcassets */,
				BBE8936A254A9DD100FC5522 /* LaunchScreen.storyboard */,
				BBE8936D254A9DD100FC5522 /* Info.plist */,
				BBE89375254A9EA100FC5522 /* RestaurantTableViewController.swift */,
				BBD986E225A4B0BE00ADFD9E /* DetailHeaderView.swift */,
				BBD986E525A4B56400ADFD9E /* DetailViewController.swift */,
				BBD986ED25A5E65900ADFD9E /* DetailPhoneAddrCell.swift */,
				BBD986F025A5E87F00ADFD9E /* DetailDescriptionCell.swift */,
				BBD986F725A5FA7800ADFD9E /* ContextLabel.swift */,
			);
			path = cafe_de_taoyuan;
			sourceTree = "<group>";
		};
/* End PBXGroup section */

/* Begin PBXNativeTarget section */
		BBE8935B254A9DD000FC5522 /* Cafe de Taoyuan */ = {
			isa = PBXNativeTarget;
			buildConfigurationList = BBE89370254A9DD100FC5522 /* Build configuration list for PBXNativeTarget "Cafe de Taoyuan" */;
			buildPhases = (
				BBE89358254A9DD000FC5522 /* Sources */,
				BBE89359254A9DD000FC5522 /* Frameworks */,
				BBE8935A254A9DD000FC5522 /* Resources */,
			);
			buildRules = (
			);
			dependencies = (
			);
			name = "Cafe de Taoyuan";
			productName = FoodPin;
			productReference = BBE8935C254A9DD000FC5522 /* Cafe de Taoyuan.app */;
			productType = "com.apple.product-type.application";
		};
/* End PBXNativeTarget section */

/* Begin PBXProject section */
		BBE89354254A9DD000FC5522 /* Project object */ = {
			isa = PBXProject;
			attributes = {
				LastSwiftUpdateCheck = 1200;
				LastUpgradeCheck = 1200;
				TargetAttributes = {
					BBE8935B254A9DD000FC5522 = {
						CreatedOnToolsVersion = 12.0.1;
					};
				};
			};
			buildConfigurationList = BBE89357254A9DD000FC5522 /* Build configuration list for PBXProject "Cafe de Taoyuan" */;
			compatibilityVersion = "Xcode 9.3";
			developmentRegion = en;
			hasScannedForEncodings = 0;
			knownRegions = (
				en,
				Base,
			);
			mainGroup = BBE89353254A9DD000FC5522;
			productRefGroup = BBE8935D254A9DD000FC5522 /* Products */;
			projectDirPath = "";
			projectRoot = "";
			targets = (
				BBE8935B254A9DD000FC5522 /* Cafe de Taoyuan */,
			);
		};
/* End PBXProject section */

/* Begin PBXResourcesBuildPhase section */
		BBE8935A254A9DD000FC5522 /* Resources */ = {
			isa = PBXResourcesBuildPhase;
			buildActionMask = 2147483647;
			files = (
				BBE8936C254A9DD100FC5522 /* LaunchScreen.storyboard in Resources */,
				BBE89369254A9DD100FC5522 /* Assets.xcassets in Resources */,
				BBE89367254A9DD000FC5522 /* Main.storyboard in Resources */,
			);
			runOnlyForDeploymentPostprocessing = 0;
		};
/* End PBXResourcesBuildPhase section */

/* Begin PBXSourcesBuildPhase section */
		BBE89358254A9DD000FC5522 /* Sources */ = {
			isa = PBXSourcesBuildPhase;
			buildActionMask = 2147483647;
			files = (
				BB2293CD2553CB82006A83B4 /* RestaurantTableViewCell.swift in Sources */,
				BBE89360254A9DD000FC5522 /* AppDelegate.swift in Sources */,
				BBE89362254A9DD000FC5522 /* SceneDelegate.swift in Sources */,
				BBD986E625A4B56400ADFD9E /* DetailViewController.swift in Sources */,
				BBE89376254A9EA100FC5522 /* RestaurantTableViewController.swift in Sources */,
				BBD986F125A5E87F00ADFD9E /* DetailDescriptionCell.swift in Sources */,
				BBD986EE25A5E65900ADFD9E /* DetailPhoneAddrCell.swift in Sources */,
				BBD986F825A5FA7800ADFD9E /* ContextLabel.swift in Sources */,
				BBD986E325A4B0BE00ADFD9E /* DetailHeaderView.swift in Sources */,
			);
			runOnlyForDeploymentPostprocessing = 0;
		};
/* End PBXSourcesBuildPhase section */

/* Begin PBXVariantGroup section */
		BBE89365254A9DD000FC5522 /* Main.storyboard */ = {
			isa = PBXVariantGroup;
			children = (
				BBE89366254A9DD000FC5522 /* Base */,
			);
			name = Main.storyboard;
			sourceTree = "<group>";
		};
		BBE8936A254A9DD100FC5522 /* LaunchScreen.storyboard */ = {
			isa = PBXVariantGroup;
			children = (
				BBE8936B254A9DD100FC5522 /* Base */,
			);
			name = LaunchScreen.storyboard;
			sourceTree = "<group>";
		};
/* End PBXVariantGroup section */

/* Begin XCBuildConfiguration section */
		BBE8936E254A9DD100FC5522 /* Debug */ = {
			isa = XCBuildConfiguration;
			buildSettings = {
				ALWAYS_SEARCH_USER_PATHS = NO;
				CLANG_ANALYZER_NONNULL = YES;
				CLANG_ANALYZER_NUMBER_OBJECT_CONVERSION = YES_AGGRESSIVE;
				CLANG_CXX_LANGUAGE_STANDARD = "gnu++14";
				CLANG_CXX_LIBRARY = "libc++";
				CLANG_ENABLE_MODULES = YES;
				CLANG_ENABLE_OBJC_ARC = YES;
				CLANG_ENABLE_OBJC_WEAK = YES;
				CLANG_WARN_BLOCK_CAPTURE_AUTORELEASING = YES;
				CLANG_WARN_BOOL_CONVERSION = YES;
				CLANG_WARN_COMMA = YES;
				CLANG_WARN_CONSTANT_CONVERSION = YES;
				CLANG_WARN_DEPRECATED_OBJC_IMPLEMENTATIONS = YES;
				CLANG_WARN_DIRECT_OBJC_ISA_USAGE = YES_ERROR;
				CLANG_WARN_DOCUMENTATION_COMMENTS = YES;
				CLANG_WARN_EMPTY_BODY = YES;
				CLANG_WARN_ENUM_CONVERSION = YES;
				CLANG_WARN_INFINITE_RECURSION = YES;
				CLANG_WARN_INT_CONVERSION = YES;
				CLANG_WARN_NON_LITERAL_NULL_CONVERSION = YES;
				CLANG_WARN_OBJC_IMPLICIT_RETAIN_SELF = YES;
				CLANG_WARN_OBJC_LITERAL_CONVERSION = YES;
				CLANG_WARN_OBJC_ROOT_CLASS = YES_ERROR;
				CLANG_WARN_QUOTED_INCLUDE_IN_FRAMEWORK_HEADER = YES;
				CLANG_WARN_RANGE_LOOP_ANALYSIS = YES;
				CLANG_WARN_STRICT_PROTOTYPES = YES;
				CLANG_WARN_SUSPICIOUS_MOVE = YES;
				CLANG_WARN_UNGUARDED_AVAILABILITY = YES_AGGRESSIVE;
				CLANG_WARN_UNREACHABLE_CODE = YES;
				CLANG_WARN__DUPLICATE_METHOD_MATCH = YES;
				COPY_PHASE_STRIP = NO;
				DEBUG_INFORMATION_FORMAT = dwarf;
				ENABLE_STRICT_OBJC_MSGSEND = YES;
				ENABLE_TESTABILITY = YES;
				GCC_C_LANGUAGE_STANDARD = gnu11;
				GCC_DYNAMIC_NO_PIC = NO;
				GCC_NO_COMMON_BLOCKS = YES;
				GCC_OPTIMIZATION_LEVEL = 0;
				GCC_PREPROCESSOR_DEFINITIONS = (
					"DEBUG=1",
					"$(inherited)",
				);
				GCC_WARN_64_TO_32_BIT_CONVERSION = YES;
				GCC_WARN_ABOUT_RETURN_TYPE = YES_ERROR;
				GCC_WARN_UNDECLARED_SELECTOR = YES;
				GCC_WARN_UNINITIALIZED_AUTOS = YES_AGGRESSIVE;
				GCC_WARN_UNUSED_FUNCTION = YES;
				GCC_WARN_UNUSED_VARIABLE = YES;
				IPHONEOS_DEPLOYMENT_TARGET = 14.0;
				MTL_ENABLE_DEBUG_INFO = INCLUDE_SOURCE;
				MTL_FAST_MATH = YES;
				ONLY_ACTIVE_ARCH = YES;
				SDKROOT = iphoneos;
				SWIFT_ACTIVE_COMPILATION_CONDITIONS = DEBUG;
				SWIFT_OPTIMIZATION_LEVEL = "-Onone";
			};
			name = Debug;
		};
		BBE8936F254A9DD100FC5522 /* Release */ = {
			isa = XCBuildConfiguration;
			buildSettings = {
				ALWAYS_SEARCH_USER_PATHS = NO;
				CLANG_ANALYZER_NONNULL = YES;
				CLANG_ANALYZER_NUMBER_OBJECT_CONVERSION = YES_AGGRESSIVE;
				CLANG_CXX_LANGUAGE_STANDARD = "gnu++14";
				CLANG_CXX_LIBRARY = "libc++";
				CLANG_ENABLE_MODULES = YES;
				CLANG_ENABLE_OBJC_ARC = YES;
				CLANG_ENABLE_OBJC_WEAK = YES;
				CLANG_WARN_BLOCK_CAPTURE_AUTORELEASING = YES;
				CLANG_WARN_BOOL_CONVERSION = YES;
				CLANG_WARN_COMMA = YES;
				CLANG_WARN_CONSTANT_CONVERSION = YES;
				CLANG_WARN_DEPRECATED_OBJC_IMPLEMENTATIONS = YES;
				CLANG_WARN_DIRECT_OBJC_ISA_USAGE = YES_ERROR;
				CLANG_WARN_DOCUMENTATION_COMMENTS = YES;
				CLANG_WARN_EMPTY_BODY = YES;
				CLANG_WARN_ENUM_CONVERSION = YES;
				CLANG_WARN_INFINITE_RECURSION = YES;
				CLANG_WARN_INT_CONVERSION = YES;
				CLANG_WARN_NON_LITERAL_NULL_CONVERSION = YES;
				CLANG_WARN_OBJC_IMPLICIT_RETAIN_SELF = YES;
				CLANG_WARN_OBJC_LITERAL_CONVERSION = YES;
				CLANG_WARN_OBJC_ROOT_CLASS = YES_ERROR;
				CLANG_WARN_QUOTED_INCLUDE_IN_FRAMEWORK_HEADER = YES;
				CLANG_WARN_RANGE_LOOP_ANALYSIS = YES;
				CLANG_WARN_STRICT_PROTOTYPES = YES;
				CLANG_WARN_SUSPICIOUS_MOVE = YES;
				CLANG_WARN_UNGUARDED_AVAILABILITY = YES_AGGRESSIVE;
				CLANG_WARN_UNREACHABLE_CODE = YES;
				CLANG_WARN__DUPLICATE_METHOD_MATCH = YES;
				COPY_PHASE_STRIP = NO;
				DEBUG_INFORMATION_FORMAT = "dwarf-with-dsym";
				ENABLE_NS_ASSERTIONS = NO;
				ENABLE_STRICT_OBJC_MSGSEND = YES;
				GCC_C_LANGUAGE_STANDARD = gnu11;
				GCC_NO_COMMON_BLOCKS = YES;
				GCC_WARN_64_TO_32_BIT_CONVERSION = YES;
				GCC_WARN_ABOUT_RETURN_TYPE = YES_ERROR;
				GCC_WARN_UNDECLARED_SELECTOR = YES;
				GCC_WARN_UNINITIALIZED_AUTOS = YES_AGGRESSIVE;
				GCC_WARN_UNUSED_FUNCTION = YES;
				GCC_WARN_UNUSED_VARIABLE = YES;
				IPHONEOS_DEPLOYMENT_TARGET = 14.0;
				MTL_ENABLE_DEBUG_INFO = NO;
				MTL_FAST_MATH = YES;
				SDKROOT = iphoneos;
				SWIFT_COMPILATION_MODE = wholemodule;
				SWIFT_OPTIMIZATION_LEVEL = "-O";
				VALIDATE_PRODUCT = YES;
			};
			name = Release;
		};
		BBE89371254A9DD100FC5522 /* Debug */ = {
			isa = XCBuildConfiguration;
			buildSettings = {
				ASSETCATALOG_COMPILER_APPICON_NAME = AppIcon;
				ASSETCATALOG_COMPILER_GLOBAL_ACCENT_COLOR_NAME = AccentColor;
				CODE_SIGN_STYLE = Automatic;
				DEVELOPMENT_TEAM = 95D2X5SR6K;
				INFOPLIST_FILE = cafe_de_taoyuan/Info.plist;
				LD_RUNPATH_SEARCH_PATHS = (
					"$(inherited)",
					"@executable_path/Frameworks",
				);
				MARKETING_VERSION = 0.1;
				PRODUCT_BUNDLE_IDENTIFIER = mcu.edu.tw.CafeTaoyuan;
				PRODUCT_NAME = "$(TARGET_NAME)";
				SWIFT_VERSION = 5.0;
				TARGETED_DEVICE_FAMILY = "1,2";
			};
			name = Debug;
		};
		BBE89372254A9DD100FC5522 /* Release */ = {
			isa = XCBuildConfiguration;
			buildSettings = {
				ASSETCATALOG_COMPILER_APPICON_NAME = AppIcon;
				ASSETCATALOG_COMPILER_GLOBAL_ACCENT_COLOR_NAME = AccentColor;
				CODE_SIGN_STYLE = Automatic;
				DEVELOPMENT_TEAM = 95D2X5SR6K;
				INFOPLIST_FILE = cafe_de_taoyuan/Info.plist;
				LD_RUNPATH_SEARCH_PATHS = (
					"$(inherited)",
					"@executable_path/Frameworks",
				);
				MARKETING_VERSION = 0.1;
				PRODUCT_BUNDLE_IDENTIFIER = mcu.edu.tw.CafeTaoyuan;
				PRODUCT_NAME = "$(TARGET_NAME)";
				SWIFT_VERSION = 5.0;
				TARGETED_DEVICE_FAMILY = "1,2";
			};
			name = Release;
		};
/* End XCBuildConfiguration section */

/* Begin XCConfigurationList section */
		BBE89357254A9DD000FC5522 /* Build configuration list for PBXProject "Cafe de Taoyuan" */ = {
			isa = XCConfigurationList;
			buildConfigurations = (
				BBE8936E254A9DD100FC5522 /* Debug */,
				BBE8936F254A9DD100FC5522 /* Release */,
			);
			defaultConfigurationIsVisible = 0;
			defaultConfigurationName = Release;
		};
		BBE89370254A9DD100FC5522 /* Build configuration list for PBXNativeTarget "Cafe de Taoyuan" */ = {
			isa = XCConfigurationList;
			buildConfigurations = (
				BBE89371254A9DD100FC5522 /* Debug */,
				BBE89372254A9DD100FC5522 /* Release */,
			);
			defaultConfigurationIsVisible = 0;
			defaultConfigurationName = Release;
		};
/* End XCConfigurationList section */
	};
	rootObject = BBE89354254A9DD000FC5522 /* Project object */;
}
